// !$*UTF8*$!
{
	archiveVersion = 1;
	classes = {
	};
	objectVersion = 48;
	objects = {

/* Begin PBXBuildFile section */
		C30D8929205804BF00A6B6DF /* Assets.xcassets in Resources */ = {isa = PBXBuildFile; fileRef = C30D8928205804BF00A6B6DF /* Assets.xcassets */; };
		C30D8937205804C000A6B6DF /* TechonaTests.swift in Sources */ = {isa = PBXBuildFile; fileRef = C30D8936205804C000A6B6DF /* TechonaTests.swift */; };
		C30D894A2058056A00A6B6DF /* LaunchScreen.storyboard in Resources */ = {isa = PBXBuildFile; fileRef = C30D89432058056A00A6B6DF /* LaunchScreen.storyboard */; };
		C30D894B2058056A00A6B6DF /* Main.storyboard in Resources */ = {isa = PBXBuildFile; fileRef = C30D89442058056A00A6B6DF /* Main.storyboard */; };
		C30D894C2058056A00A6B6DF /* AppDelegate.swift in Sources */ = {isa = PBXBuildFile; fileRef = C30D89492058056A00A6B6DF /* AppDelegate.swift */; };
		C30D895120581A0100A6B6DF /* HomeTableViewController.swift in Sources */ = {isa = PBXBuildFile; fileRef = C30D895020581A0100A6B6DF /* HomeTableViewController.swift */; };
		C30D895320581A0F00A6B6DF /* HomeViewModel.swift in Sources */ = {isa = PBXBuildFile; fileRef = C30D895220581A0F00A6B6DF /* HomeViewModel.swift */; };
		C30D895620581A3B00A6B6DF /* CenterButtonCell.swift in Sources */ = {isa = PBXBuildFile; fileRef = C30D895520581A3B00A6B6DF /* CenterButtonCell.swift */; };
		C30D895820581A4900A6B6DF /* LeftButtonCell.swift in Sources */ = {isa = PBXBuildFile; fileRef = C30D895720581A4900A6B6DF /* LeftButtonCell.swift */; };
		C30D895A20581A5700A6B6DF /* RightButtonCell.swift in Sources */ = {isa = PBXBuildFile; fileRef = C30D895920581A5700A6B6DF /* RightButtonCell.swift */; };
		C30D895C20581C9700A6B6DF /* ComponentCellDTO.swift in Sources */ = {isa = PBXBuildFile; fileRef = C30D895B20581C9700A6B6DF /* ComponentCellDTO.swift */; };
		C30D89672058201A00A6B6DF /* techona-buttons.json in Resources */ = {isa = PBXBuildFile; fileRef = C30D89662058201A00A6B6DF /* techona-buttons.json */; };
		C30D89692058202700A6B6DF /* TechonaModel.swift in Sources */ = {isa = PBXBuildFile; fileRef = C30D89682058202700A6B6DF /* TechonaModel.swift */; };
		C30D896B2058206F00A6B6DF /* TechonaButton.swift in Sources */ = {isa = PBXBuildFile; fileRef = C30D896A2058206F00A6B6DF /* TechonaButton.swift */; };
		C30D896E205821AC00A6B6DF /* DeserelizableOperator.swift in Sources */ = {isa = PBXBuildFile; fileRef = C30D896D205821AC00A6B6DF /* DeserelizableOperator.swift */; };
		C30D8972205821E400A6B6DF /* CustomError.swift in Sources */ = {isa = PBXBuildFile; fileRef = C30D8971205821E400A6B6DF /* CustomError.swift */; };
		C30D89752058225C00A6B6DF /* MockedButtonsRequest.swift in Sources */ = {isa = PBXBuildFile; fileRef = C30D89742058225C00A6B6DF /* MockedButtonsRequest.swift */; };
		C30D897A2058228200A6B6DF /* Requestable.swift in Sources */ = {isa = PBXBuildFile; fileRef = C30D89792058228200A6B6DF /* Requestable.swift */; };
/* End PBXBuildFile section */

/* Begin PBXContainerItemProxy section */
		C30D8933205804C000A6B6DF /* PBXContainerItemProxy */ = {
			isa = PBXContainerItemProxy;
			containerPortal = C30D8916205804BF00A6B6DF /* Project object */;
			proxyType = 1;
			remoteGlobalIDString = C30D891D205804BF00A6B6DF;
			remoteInfo = Techona;
		};
/* End PBXContainerItemProxy section */

/* Begin PBXFileReference section */
		C30D891E205804BF00A6B6DF /* Techona.app */ = {isa = PBXFileReference; explicitFileType = wrapper.application; includeInIndex = 0; path = Techona.app; sourceTree = BUILT_PRODUCTS_DIR; };
		C30D8928205804BF00A6B6DF /* Assets.xcassets */ = {isa = PBXFileReference; lastKnownFileType = folder.assetcatalog; path = Assets.xcassets; sourceTree = "<group>"; };
		C30D892D205804BF00A6B6DF /* Info.plist */ = {isa = PBXFileReference; lastKnownFileType = text.plist.xml; path = Info.plist; sourceTree = "<group>"; };
		C30D8932205804C000A6B6DF /* TechonaTests.xctest */ = {isa = PBXFileReference; explicitFileType = wrapper.cfbundle; includeInIndex = 0; path = TechonaTests.xctest; sourceTree = BUILT_PRODUCTS_DIR; };
		C30D8936205804C000A6B6DF /* TechonaTests.swift */ = {isa = PBXFileReference; lastKnownFileType = sourcecode.swift; path = TechonaTests.swift; sourceTree = "<group>"; };
		C30D8938205804C000A6B6DF /* Info.plist */ = {isa = PBXFileReference; lastKnownFileType = text.plist.xml; path = Info.plist; sourceTree = "<group>"; };
		C30D89432058056A00A6B6DF /* LaunchScreen.storyboard */ = {isa = PBXFileReference; fileEncoding = 4; lastKnownFileType = file.storyboard; path = LaunchScreen.storyboard; sourceTree = "<group>"; };
		C30D89442058056A00A6B6DF /* Main.storyboard */ = {isa = PBXFileReference; fileEncoding = 4; lastKnownFileType = file.storyboard; path = Main.storyboard; sourceTree = "<group>"; };
		C30D89492058056A00A6B6DF /* AppDelegate.swift */ = {isa = PBXFileReference; fileEncoding = 4; lastKnownFileType = sourcecode.swift; path = AppDelegate.swift; sourceTree = "<group>"; };
		C30D895020581A0100A6B6DF /* HomeTableViewController.swift */ = {isa = PBXFileReference; fileEncoding = 4; lastKnownFileType = sourcecode.swift; path = HomeTableViewController.swift; sourceTree = "<group>"; };
		C30D895220581A0F00A6B6DF /* HomeViewModel.swift */ = {isa = PBXFileReference; lastKnownFileType = sourcecode.swift; path = HomeViewModel.swift; sourceTree = "<group>"; };
		C30D895520581A3B00A6B6DF /* CenterButtonCell.swift */ = {isa = PBXFileReference; lastKnownFileType = sourcecode.swift; path = CenterButtonCell.swift; sourceTree = "<group>"; };
		C30D895720581A4900A6B6DF /* LeftButtonCell.swift */ = {isa = PBXFileReference; lastKnownFileType = sourcecode.swift; path = LeftButtonCell.swift; sourceTree = "<group>"; };
		C30D895920581A5700A6B6DF /* RightButtonCell.swift */ = {isa = PBXFileReference; lastKnownFileType = sourcecode.swift; path = RightButtonCell.swift; sourceTree = "<group>"; };
		C30D895B20581C9700A6B6DF /* ComponentCellDTO.swift */ = {isa = PBXFileReference; lastKnownFileType = sourcecode.swift; path = ComponentCellDTO.swift; sourceTree = "<group>"; };
		C30D89662058201A00A6B6DF /* techona-buttons.json */ = {isa = PBXFileReference; fileEncoding = 4; lastKnownFileType = text.json; path = "techona-buttons.json"; sourceTree = "<group>"; };
		C30D89682058202700A6B6DF /* TechonaModel.swift */ = {isa = PBXFileReference; lastKnownFileType = sourcecode.swift; path = TechonaModel.swift; sourceTree = "<group>"; };
		C30D896A2058206F00A6B6DF /* TechonaButton.swift */ = {isa = PBXFileReference; lastKnownFileType = sourcecode.swift; path = TechonaButton.swift; sourceTree = "<group>"; };
		C30D896D205821AC00A6B6DF /* DeserelizableOperator.swift */ = {isa = PBXFileReference; lastKnownFileType = sourcecode.swift; path = DeserelizableOperator.swift; sourceTree = "<group>"; };
		C30D8971205821E400A6B6DF /* CustomError.swift */ = {isa = PBXFileReference; fileEncoding = 4; lastKnownFileType = sourcecode.swift; path = CustomError.swift; sourceTree = "<group>"; };
		C30D89742058225C00A6B6DF /* MockedButtonsRequest.swift */ = {isa = PBXFileReference; lastKnownFileType = sourcecode.swift; path = MockedButtonsRequest.swift; sourceTree = "<group>"; };
		C30D89792058228200A6B6DF /* Requestable.swift */ = {isa = PBXFileReference; fileEncoding = 4; lastKnownFileType = sourcecode.swift; path = Requestable.swift; sourceTree = "<group>"; };
/* End PBXFileReference section */

/* Begin PBXFrameworksBuildPhase section */
		C30D891B205804BF00A6B6DF /* Frameworks */ = {
			isa = PBXFrameworksBuildPhase;
			buildActionMask = 2147483647;
			files = (
			);
			runOnlyForDeploymentPostprocessing = 0;
		};
		C30D892F205804C000A6B6DF /* Frameworks */ = {
			isa = PBXFrameworksBuildPhase;
			buildActionMask = 2147483647;
			files = (
			);
			runOnlyForDeploymentPostprocessing = 0;
		};
/* End PBXFrameworksBuildPhase section */

/* Begin PBXGroup section */
		C30D8915205804BF00A6B6DF = {
			isa = PBXGroup;
			children = (
				C30D8920205804BF00A6B6DF /* Techona */,
				C30D8935205804C000A6B6DF /* TechonaTests */,
				C30D891F205804BF00A6B6DF /* Products */,
			);
			sourceTree = "<group>";
		};
		C30D891F205804BF00A6B6DF /* Products */ = {
			isa = PBXGroup;
			children = (
				C30D891E205804BF00A6B6DF /* Techona.app */,
				C30D8932205804C000A6B6DF /* TechonaTests.xctest */,
			);
			name = Products;
			sourceTree = "<group>";
		};
		C30D8920205804BF00A6B6DF /* Techona */ = {
			isa = PBXGroup;
			children = (
				C30D89412058056A00A6B6DF /* Base */,
				C30D8928205804BF00A6B6DF /* Assets.xcassets */,
				C30D892D205804BF00A6B6DF /* Info.plist */,
			);
			path = Techona;
			sourceTree = "<group>";
		};
		C30D8935205804C000A6B6DF /* TechonaTests */ = {
			isa = PBXGroup;
			children = (
				C30D8936205804C000A6B6DF /* TechonaTests.swift */,
				C30D8938205804C000A6B6DF /* Info.plist */,
			);
			path = TechonaTests;
			sourceTree = "<group>";
		};
		C30D89412058056A00A6B6DF /* Base */ = {
			isa = PBXGroup;
			children = (
				C30D89482058056A00A6B6DF /* AppDelegate */,
				C30D89472058056A00A6B6DF /* Model */,
				C30D89462058056A00A6B6DF /* Controller */,
				C30D89452058056A00A6B6DF /* Network */,
				C30D896F205821CC00A6B6DF /* Other */,
				C30D89422058056A00A6B6DF /* Storyboard */,
			);
			path = Base;
			sourceTree = "<group>";
		};
		C30D89422058056A00A6B6DF /* Storyboard */ = {
			isa = PBXGroup;
			children = (
				C30D89442058056A00A6B6DF /* Main.storyboard */,
				C30D89432058056A00A6B6DF /* LaunchScreen.storyboard */,
			);
			path = Storyboard;
			sourceTree = "<group>";
		};
		C30D89452058056A00A6B6DF /* Network */ = {
			isa = PBXGroup;
			children = (
				C30D89732058221C00A6B6DF /* MockedRequest */,
				C30D89782058228200A6B6DF /* RequestableProtocol */,
				C30D896C2058219A00A6B6DF /* DeserelizableOperator */,
			);
			path = Network;
			sourceTree = "<group>";
		};
		C30D89462058056A00A6B6DF /* Controller */ = {
			isa = PBXGroup;
			children = (
				C30D894F20581A0100A6B6DF /* Home */,
			);
			path = Controller;
			sourceTree = "<group>";
		};
		C30D89472058056A00A6B6DF /* Model */ = {
			isa = PBXGroup;
			children = (
				C30D89682058202700A6B6DF /* TechonaModel.swift */,
				C30D896A2058206F00A6B6DF /* TechonaButton.swift */,
				C30D89662058201A00A6B6DF /* techona-buttons.json */,
			);
			path = Model;
			sourceTree = "<group>";
		};
		C30D89482058056A00A6B6DF /* AppDelegate */ = {
			isa = PBXGroup;
			children = (
				C30D89492058056A00A6B6DF /* AppDelegate.swift */,
			);
			path = AppDelegate;
			sourceTree = "<group>";
		};
		C30D894F20581A0100A6B6DF /* Home */ = {
			isa = PBXGroup;
			children = (
				C30D895020581A0100A6B6DF /* HomeTableViewController.swift */,
				C30D895220581A0F00A6B6DF /* HomeViewModel.swift */,
				C30D895420581A1B00A6B6DF /* Components */,
			);
			path = Home;
			sourceTree = "<group>";
		};
		C30D895420581A1B00A6B6DF /* Components */ = {
			isa = PBXGroup;
			children = (
				C30D895520581A3B00A6B6DF /* CenterButtonCell.swift */,
				C30D895720581A4900A6B6DF /* LeftButtonCell.swift */,
				C30D895920581A5700A6B6DF /* RightButtonCell.swift */,
				C30D895B20581C9700A6B6DF /* ComponentCellDTO.swift */,
			);
			path = Components;
			sourceTree = "<group>";
		};
		C30D896C2058219A00A6B6DF /* DeserelizableOperator */ = {
			isa = PBXGroup;
			children = (
				C30D896D205821AC00A6B6DF /* DeserelizableOperator.swift */,
			);
			path = DeserelizableOperator;
			sourceTree = "<group>";
		};
		C30D896F205821CC00A6B6DF /* Other */ = {
			isa = PBXGroup;
			children = (
				C30D8970205821E400A6B6DF /* CustomError */,
			);
			path = Other;
			sourceTree = "<group>";
		};
		C30D8970205821E400A6B6DF /* CustomError */ = {
			isa = PBXGroup;
			children = (
				C30D8971205821E400A6B6DF /* CustomError.swift */,
			);
			path = CustomError;
			sourceTree = "<group>";
		};
		C30D89732058221C00A6B6DF /* MockedRequest */ = {
			isa = PBXGroup;
			children = (
				C30D89742058225C00A6B6DF /* MockedButtonsRequest.swift */,
			);
			path = MockedRequest;
			sourceTree = "<group>";
		};
		C30D89782058228200A6B6DF /* RequestableProtocol */ = {
			isa = PBXGroup;
			children = (
				C30D89792058228200A6B6DF /* Requestable.swift */,
			);
			path = RequestableProtocol;
			sourceTree = "<group>";
		};
/* End PBXGroup section */

/* Begin PBXNativeTarget section */
		C30D891D205804BF00A6B6DF /* Techona */ = {
			isa = PBXNativeTarget;
			buildConfigurationList = C30D893B205804C000A6B6DF /* Build configuration list for PBXNativeTarget "Techona" */;
			buildPhases = (
				C30D891A205804BF00A6B6DF /* Sources */,
				C30D891B205804BF00A6B6DF /* Frameworks */,
				C30D891C205804BF00A6B6DF /* Resources */,
			);
			buildRules = (
			);
			dependencies = (
			);
			name = Techona;
			productName = Techona;
			productReference = C30D891E205804BF00A6B6DF /* Techona.app */;
			productType = "com.apple.product-type.application";
		};
		C30D8931205804C000A6B6DF /* TechonaTests */ = {
			isa = PBXNativeTarget;
			buildConfigurationList = C30D893E205804C000A6B6DF /* Build configuration list for PBXNativeTarget "TechonaTests" */;
			buildPhases = (
				C30D892E205804C000A6B6DF /* Sources */,
				C30D892F205804C000A6B6DF /* Frameworks */,
				C30D8930205804C000A6B6DF /* Resources */,
			);
			buildRules = (
			);
			dependencies = (
				C30D8934205804C000A6B6DF /* PBXTargetDependency */,
			);
			name = TechonaTests;
			productName = TechonaTests;
			productReference = C30D8932205804C000A6B6DF /* TechonaTests.xctest */;
			productType = "com.apple.product-type.bundle.unit-test";
		};
/* End PBXNativeTarget section */

/* Begin PBXProject section */
		C30D8916205804BF00A6B6DF /* Project object */ = {
			isa = PBXProject;
			attributes = {
				LastSwiftUpdateCheck = 0920;
				LastUpgradeCheck = 0920;
				ORGANIZATIONNAME = "Bruno Santos";
				TargetAttributes = {
					C30D891D205804BF00A6B6DF = {
						CreatedOnToolsVersion = 9.2;
						ProvisioningStyle = Automatic;
					};
					C30D8931205804C000A6B6DF = {
						CreatedOnToolsVersion = 9.2;
						ProvisioningStyle = Automatic;
						TestTargetID = C30D891D205804BF00A6B6DF;
					};
				};
			};
			buildConfigurationList = C30D8919205804BF00A6B6DF /* Build configuration list for PBXProject "Techona" */;
			compatibilityVersion = "Xcode 8.0";
			developmentRegion = en;
			hasScannedForEncodings = 0;
			knownRegions = (
				en,
				Base,
			);
			mainGroup = C30D8915205804BF00A6B6DF;
			productRefGroup = C30D891F205804BF00A6B6DF /* Products */;
			projectDirPath = "";
			projectRoot = "";
			targets = (
				C30D891D205804BF00A6B6DF /* Techona */,
				C30D8931205804C000A6B6DF /* TechonaTests */,
			);
		};
/* End PBXProject section */

/* Begin PBXResourcesBuildPhase section */
		C30D891C205804BF00A6B6DF /* Resources */ = {
			isa = PBXResourcesBuildPhase;
			buildActionMask = 2147483647;
			files = (
				C30D894B2058056A00A6B6DF /* Main.storyboard in Resources */,
				C30D8929205804BF00A6B6DF /* Assets.xcassets in Resources */,
				C30D89672058201A00A6B6DF /* techona-buttons.json in Resources */,
				C30D894A2058056A00A6B6DF /* LaunchScreen.storyboard in Resources */,
			);
			runOnlyForDeploymentPostprocessing = 0;
		};
		C30D8930205804C000A6B6DF /* Resources */ = {
			isa = PBXResourcesBuildPhase;
			buildActionMask = 2147483647;
			files = (
			);
			runOnlyForDeploymentPostprocessing = 0;
		};
/* End PBXResourcesBuildPhase section */

/* Begin PBXSourcesBuildPhase section */
		C30D891A205804BF00A6B6DF /* Sources */ = {
			isa = PBXSourcesBuildPhase;
			buildActionMask = 2147483647;
			files = (
				C30D895120581A0100A6B6DF /* HomeTableViewController.swift in Sources */,
				C30D895320581A0F00A6B6DF /* HomeViewModel.swift in Sources */,
				C30D895620581A3B00A6B6DF /* CenterButtonCell.swift in Sources */,
				C30D895C20581C9700A6B6DF /* ComponentCellDTO.swift in Sources */,
				C30D895820581A4900A6B6DF /* LeftButtonCell.swift in Sources */,
				C30D895A20581A5700A6B6DF /* RightButtonCell.swift in Sources */,
				C30D896B2058206F00A6B6DF /* TechonaButton.swift in Sources */,
				C30D8972205821E400A6B6DF /* CustomError.swift in Sources */,
				C30D89752058225C00A6B6DF /* MockedButtonsRequest.swift in Sources */,
				C30D894C2058056A00A6B6DF /* AppDelegate.swift in Sources */,
				C30D897A2058228200A6B6DF /* Requestable.swift in Sources */,
				C30D89692058202700A6B6DF /* TechonaModel.swift in Sources */,
				C30D896E205821AC00A6B6DF /* DeserelizableOperator.swift in Sources */,
			);
			runOnlyForDeploymentPostprocessing = 0;
		};
		C30D892E205804C000A6B6DF /* Sources */ = {
			isa = PBXSourcesBuildPhase;
			buildActionMask = 2147483647;
			files = (
				C30D8937205804C000A6B6DF /* TechonaTests.swift in Sources */,
			);
			runOnlyForDeploymentPostprocessing = 0;
		};
/* End PBXSourcesBuildPhase section */

/* Begin PBXTargetDependency section */
		C30D8934205804C000A6B6DF /* PBXTargetDependency */ = {
			isa = PBXTargetDependency;
			target = C30D891D205804BF00A6B6DF /* Techona */;
			targetProxy = C30D8933205804C000A6B6DF /* PBXContainerItemProxy */;
		};
/* End PBXTargetDependency section */

/* Begin XCBuildConfiguration section */
		C30D8939205804C000A6B6DF /* Debug */ = {
			isa = XCBuildConfiguration;
			buildSettings = {
				ALWAYS_SEARCH_USER_PATHS = NO;
				CLANG_ANALYZER_NONNULL = YES;
				CLANG_ANALYZER_NUMBER_OBJECT_CONVERSION = YES_AGGRESSIVE;
				CLANG_CXX_LANGUAGE_STANDARD = "gnu++14";
				CLANG_CXX_LIBRARY = "libc++";
				CLANG_ENABLE_MODULES = YES;
				CLANG_ENABLE_OBJC_ARC = YES;
				CLANG_WARN_BLOCK_CAPTURE_AUTORELEASING = YES;
				CLANG_WARN_BOOL_CONVERSION = YES;
				CLANG_WARN_COMMA = YES;
				CLANG_WARN_CONSTANT_CONVERSION = YES;
				CLANG_WARN_DIRECT_OBJC_ISA_USAGE = YES_ERROR;
				CLANG_WARN_DOCUMENTATION_COMMENTS = YES;
				CLANG_WARN_EMPTY_BODY = YES;
				CLANG_WARN_ENUM_CONVERSION = YES;
				CLANG_WARN_INFINITE_RECURSION = YES;
				CLANG_WARN_INT_CONVERSION = YES;
				CLANG_WARN_NON_LITERAL_NULL_CONVERSION = YES;
				CLANG_WARN_OBJC_LITERAL_CONVERSION = YES;
				CLANG_WARN_OBJC_ROOT_CLASS = YES_ERROR;
				CLANG_WARN_RANGE_LOOP_ANALYSIS = YES;
				CLANG_WARN_STRICT_PROTOTYPES = YES;
				CLANG_WARN_SUSPICIOUS_MOVE = YES;
				CLANG_WARN_UNGUARDED_AVAILABILITY = YES_AGGRESSIVE;
				CLANG_WARN_UNREACHABLE_CODE = YES;
				CLANG_WARN__DUPLICATE_METHOD_MATCH = YES;
				CODE_SIGN_IDENTITY = "iPhone Developer";
				COPY_PHASE_STRIP = NO;
				DEBUG_INFORMATION_FORMAT = dwarf;
				ENABLE_STRICT_OBJC_MSGSEND = YES;
				ENABLE_TESTABILITY = YES;
				GCC_C_LANGUAGE_STANDARD = gnu11;
				GCC_DYNAMIC_NO_PIC = NO;
				GCC_NO_COMMON_BLOCKS = YES;
				GCC_OPTIMIZATION_LEVEL = 0;
				GCC_PREPROCESSOR_DEFINITIONS = (
					"DEBUG=1",
					"$(inherited)",
				);
				GCC_WARN_64_TO_32_BIT_CONVERSION = YES;
				GCC_WARN_ABOUT_RETURN_TYPE = YES_ERROR;
				GCC_WARN_UNDECLARED_SELECTOR = YES;
				GCC_WARN_UNINITIALIZED_AUTOS = YES_AGGRESSIVE;
				GCC_WARN_UNUSED_FUNCTION = YES;
				GCC_WARN_UNUSED_VARIABLE = YES;
				IPHONEOS_DEPLOYMENT_TARGET = 11.2;
				MTL_ENABLE_DEBUG_INFO = YES;
				ONLY_ACTIVE_ARCH = YES;
				SDKROOT = iphoneos;
				SWIFT_ACTIVE_COMPILATION_CONDITIONS = DEBUG;
				SWIFT_OPTIMIZATION_LEVEL = "-Onone";
			};
			name = Debug;
		};
		C30D893A205804C000A6B6DF /* Release */ = {
			isa = XCBuildConfiguration;
			buildSettings = {
				ALWAYS_SEARCH_USER_PATHS = NO;
				CLANG_ANALYZER_NONNULL = YES;
				CLANG_ANALYZER_NUMBER_OBJECT_CONVERSION = YES_AGGRESSIVE;
				CLANG_CXX_LANGUAGE_STANDARD = "gnu++14";
				CLANG_CXX_LIBRARY = "libc++";
				CLANG_ENABLE_MODULES = YES;
				CLANG_ENABLE_OBJC_ARC = YES;
				CLANG_WARN_BLOCK_CAPTURE_AUTORELEASING = YES;
				CLANG_WARN_BOOL_CONVERSION = YES;
				CLANG_WARN_COMMA = YES;
				CLANG_WARN_CONSTANT_CONVERSION = YES;
				CLANG_WARN_DIRECT_OBJC_ISA_USAGE = YES_ERROR;
				CLANG_WARN_DOCUMENTATION_COMMENTS = YES;
				CLANG_WARN_EMPTY_BODY = YES;
				CLANG_WARN_ENUM_CONVERSION = YES;
				CLANG_WARN_INFINITE_RECURSION = YES;
				CLANG_WARN_INT_CONVERSION = YES;
				CLANG_WARN_NON_LITERAL_NULL_CONVERSION = YES;
				CLANG_WARN_OBJC_LITERAL_CONVERSION = YES;
				CLANG_WARN_OBJC_ROOT_CLASS = YES_ERROR;
				CLANG_WARN_RANGE_LOOP_ANALYSIS = YES;
				CLANG_WARN_STRICT_PROTOTYPES = YES;
				CLANG_WARN_SUSPICIOUS_MOVE = YES;
				CLANG_WARN_UNGUARDED_AVAILABILITY = YES_AGGRESSIVE;
				CLANG_WARN_UNREACHABLE_CODE = YES;
				CLANG_WARN__DUPLICATE_METHOD_MATCH = YES;
				CODE_SIGN_IDENTITY = "iPhone Developer";
				COPY_PHASE_STRIP = NO;
				DEBUG_INFORMATION_FORMAT = "dwarf-with-dsym";
				ENABLE_NS_ASSERTIONS = NO;
				ENABLE_STRICT_OBJC_MSGSEND = YES;
				GCC_C_LANGUAGE_STANDARD = gnu11;
				GCC_NO_COMMON_BLOCKS = YES;
				GCC_WARN_64_TO_32_BIT_CONVERSION = YES;
				GCC_WARN_ABOUT_RETURN_TYPE = YES_ERROR;
				GCC_WARN_UNDECLARED_SELECTOR = YES;
				GCC_WARN_UNINITIALIZED_AUTOS = YES_AGGRESSIVE;
				GCC_WARN_UNUSED_FUNCTION = YES;
				GCC_WARN_UNUSED_VARIABLE = YES;
				IPHONEOS_DEPLOYMENT_TARGET = 11.2;
				MTL_ENABLE_DEBUG_INFO = NO;
				SDKROOT = iphoneos;
				SWIFT_OPTIMIZATION_LEVEL = "-Owholemodule";
				VALIDATE_PRODUCT = YES;
			};
			name = Release;
		};
		C30D893C205804C000A6B6DF /* Debug */ = {
			isa = XCBuildConfiguration;
			buildSettings = {
				ASSETCATALOG_COMPILER_APPICON_NAME = AppIcon;
				CODE_SIGN_STYLE = Automatic;
				DEVELOPMENT_TEAM = SP7X7CRL3L;
				INFOPLIST_FILE = Techona/Info.plist;
				LD_RUNPATH_SEARCH_PATHS = "$(inherited) @executable_path/Frameworks";
				PRODUCT_BUNDLE_IDENTIFIER = com.brunosantos.Techona;
				PRODUCT_NAME = "$(TARGET_NAME)";
				SWIFT_VERSION = 4.0;
				TARGETED_DEVICE_FAMILY = "1,2";
			};
			name = Debug;
		};
		C30D893D205804C000A6B6DF /* Release */ = {
			isa = XCBuildConfiguration;
			buildSettings = {
				ASSETCATALOG_COMPILER_APPICON_NAME = AppIcon;
				CODE_SIGN_STYLE = Automatic;
				DEVELOPMENT_TEAM = SP7X7CRL3L;
				INFOPLIST_FILE = Techona/Info.plist;
				LD_RUNPATH_SEARCH_PATHS = "$(inherited) @executable_path/Frameworks";
				PRODUCT_BUNDLE_IDENTIFIER = com.brunosantos.Techona;
				PRODUCT_NAME = "$(TARGET_NAME)";
				SWIFT_VERSION = 4.0;
				TARGETED_DEVICE_FAMILY = "1,2";
			};
			name = Release;
		};
		C30D893F205804C000A6B6DF /* Debug */ = {
			isa = XCBuildConfiguration;
			buildSettings = {
				ALWAYS_EMBED_SWIFT_STANDARD_LIBRARIES = YES;
				BUNDLE_LOADER = "$(TEST_HOST)";
				CODE_SIGN_STYLE = Automatic;
				DEVELOPMENT_TEAM = SP7X7CRL3L;
				INFOPLIST_FILE = TechonaTests/Info.plist;
				LD_RUNPATH_SEARCH_PATHS = "$(inherited) @executable_path/Frameworks @loader_path/Frameworks";
				PRODUCT_BUNDLE_IDENTIFIER = com.brunosantos.TechonaTests;
				PRODUCT_NAME = "$(TARGET_NAME)";
				SWIFT_VERSION = 4.0;
				TARGETED_DEVICE_FAMILY = "1,2";
				TEST_HOST = "$(BUILT_PRODUCTS_DIR)/Techona.app/Techona";
			};
			name = Debug;
		};
		C30D8940205804C000A6B6DF /* Release */ = {
			isa = XCBuildConfiguration;
			buildSettings = {
				ALWAYS_EMBED_SWIFT_STANDARD_LIBRARIES = YES;
				BUNDLE_LOADER = "$(TEST_HOST)";
				CODE_SIGN_STYLE = Automatic;
				DEVELOPMENT_TEAM = SP7X7CRL3L;
				INFOPLIST_FILE = TechonaTests/Info.plist;
				LD_RUNPATH_SEARCH_PATHS = "$(inherited) @executable_path/Frameworks @loader_path/Frameworks";
				PRODUCT_BUNDLE_IDENTIFIER = com.brunosantos.TechonaTests;
				PRODUCT_NAME = "$(TARGET_NAME)";
				SWIFT_VERSION = 4.0;
				TARGETED_DEVICE_FAMILY = "1,2";
				TEST_HOST = "$(BUILT_PRODUCTS_DIR)/Techona.app/Techona";
			};
			name = Release;
		};
/* End XCBuildConfiguration section */

/* Begin XCConfigurationList section */
		C30D8919205804BF00A6B6DF /* Build configuration list for PBXProject "Techona" */ = {
			isa = XCConfigurationList;
			buildConfigurations = (
				C30D8939205804C000A6B6DF /* Debug */,
				C30D893A205804C000A6B6DF /* Release */,
			);
			defaultConfigurationIsVisible = 0;
			defaultConfigurationName = Release;
		};
		C30D893B205804C000A6B6DF /* Build configuration list for PBXNativeTarget "Techona" */ = {
			isa = XCConfigurationList;
			buildConfigurations = (
				C30D893C205804C000A6B6DF /* Debug */,
				C30D893D205804C000A6B6DF /* Release */,
			);
			defaultConfigurationIsVisible = 0;
			defaultConfigurationName = Release;
		};
		C30D893E205804C000A6B6DF /* Build configuration list for PBXNativeTarget "TechonaTests" */ = {
			isa = XCConfigurationList;
			buildConfigurations = (
				C30D893F205804C000A6B6DF /* Debug */,
				C30D8940205804C000A6B6DF /* Release */,
			);
			defaultConfigurationIsVisible = 0;
			defaultConfigurationName = Release;
		};
/* End XCConfigurationList section */
	};
	rootObject = C30D8916205804BF00A6B6DF /* Project object */;
}
